
Microsoft Visual Studio Solution File, Format Version 12.00
# Visual Studio 2012
Project("{8BC9CEB8-8B4A-11D0-8D11-00A0C91BC942}") = "mimalloc-static", "mimalloc-static.vcxproj", "{F7DE239C-27DB-4BD0-8496-C13B70B27ECF}"
EndProject
Project("{8BC9CEB8-8B4A-11D0-8D11-00A0C91BC942}") = "mimalloc-test", "mimalloc-test.vcxproj", "{FC78A21E-9985-498A-BE02-7C089EA2338A}"
	ProjectSection(ProjectDependencies) = postProject
		{F7DE239C-27DB-4BD0-8496-C13B70B27ECF} = {F7DE239C-27DB-4BD0-8496-C13B70B27ECF}
	EndProjectSection
EndProject
Global
	GlobalSection(SolutionConfigurationPlatforms) = preSolution
		Debug|Win32 = Debug|Win32
		Release|Win32 = Release|Win32
	EndGlobalSection
	GlobalSection(ProjectConfigurationPlatforms) = postSolution
		{F7DE239C-27DB-4BD0-8496-C13B70B27ECF}.Debug|Win32.ActiveCfg = Debug|Win32
		{F7DE239C-27DB-4BD0-8496-C13B70B27ECF}.Debug|Win32.Build.0 = Debug|Win32
		{F7DE239C-27DB-4BD0-8496-C13B70B27ECF}.Release|Win32.ActiveCfg = Release|Win32
		{F7DE239C-27DB-4BD0-8496-C13B70B27ECF}.Release|Win32.Build.0 = Release|Win32
		{FC78A21E-9985-498A-BE02-7C089EA2338A}.Debug|Win32.ActiveCfg = Debug|Win32
		{FC78A21E-9985-498A-BE02-7C089EA2338A}.Debug|Win32.Build.0 = Debug|Win32
		{FC78A21E-9985-498A-BE02-7C089EA2338A}.Release|Win32.ActiveCfg = Release|Win32
		{FC78A21E-9985-498A-BE02-7C089EA2338A}.Release|Win32.Build.0 = Release|Win32
	EndGlobalSection
	GlobalSection(SolutionProperties) = preSolution
		HideSolutionNode = FALSE
	EndGlobalSection
EndGlobal
